
Microsoft Visual Studio Solution File, Format Version 11.00
# Visual Studio 2010
Project("{FAE04EC0-301F-11D3-BF4B-00C04F79EFBC}") = "telnet thingy", "telnet thingy.csproj", "{42739815-ADC9-436A-895D-A4BA1B363D5E}"
EndProject
Global
	GlobalSection(SolutionConfigurationPlatforms) = preSolution
		Debug|Any CPU = Debug|Any CPU
		Release|Any CPU = Release|Any CPU
	EndGlobalSection
	GlobalSection(ProjectConfigurationPlatforms) = postSolution
		{42739815-ADC9-436A-895D-A4BA1B363D5E}.Debug|Any CPU.ActiveCfg = Debug|Any CPU
		{42739815-ADC9-436A-895D-A4BA1B363D5E}.Debug|Any CPU.Build.0 = Debug|Any CPU
		{42739815-ADC9-436A-895D-A4BA1B363D5E}.Release|Any CPU.ActiveCfg = Release|Any CPU
		{42739815-ADC9-436A-895D-A4BA1B363D5E}.Release|Any CPU.Build.0 = Release|Any CPU
	EndGlobalSection
	GlobalSection(SolutionProperties) = preSolution
		HideSolutionNode = FALSE
	EndGlobalSection
EndGlobal
